
Microsoft Visual Studio Solution File, Format Version 12.00
# Visual Studio Version 17
VisualStudioVersion = 17.9.34728.123
MinimumVisualStudioVersion = 10.0.40219.1
Project("{9A19103F-16F7-4668-BE54-9A1E7A4F7556}") = "Odontología.Server", "Odontología.Server\Odontología.Server.csproj", "{94051207-3CE5-46D6-AECC-CD5865C67643}"
EndProject
Project("{9A19103F-16F7-4668-BE54-9A1E7A4F7556}") = "Odontología.DB", "Odontología.DB\Odontología.DB.csproj", "{0CC252C7-4320-4CB7-BDFA-4B5752164D1A}"
EndProject
Project("{9A19103F-16F7-4668-BE54-9A1E7A4F7556}") = "Odontología.Shared", "Odontología.Shared\Odontología.Shared.csproj", "{B47C19AC-F8B1-4B9A-A55E-66AB6C10137F}"
EndProject
Project("{9A19103F-16F7-4668-BE54-9A1E7A4F7556}") = "Odontología.Client", "Odontología.Client\Odontología.Client.csproj", "{FDF95C13-5D90-4314-87D3-B48A6AA5E8DC}"
EndProject
Global
	GlobalSection(SolutionConfigurationPlatforms) = preSolution
		Debug|Any CPU = Debug|Any CPU
		Release|Any CPU = Release|Any CPU
	EndGlobalSection
	GlobalSection(ProjectConfigurationPlatforms) = postSolution
		{94051207-3CE5-46D6-AECC-CD5865C67643}.Debug|Any CPU.ActiveCfg = Debug|Any CPU
		{94051207-3CE5-46D6-AECC-CD5865C67643}.Debug|Any CPU.Build.0 = Debug|Any CPU
		{94051207-3CE5-46D6-AECC-CD5865C67643}.Release|Any CPU.ActiveCfg = Release|Any CPU
		{94051207-3CE5-46D6-AECC-CD5865C67643}.Release|Any CPU.Build.0 = Release|Any CPU
		{0CC252C7-4320-4CB7-BDFA-4B5752164D1A}.Debug|Any CPU.ActiveCfg = Debug|Any CPU
		{0CC252C7-4320-4CB7-BDFA-4B5752164D1A}.Debug|Any CPU.Build.0 = Debug|Any CPU
		{0CC252C7-4320-4CB7-BDFA-4B5752164D1A}.Release|Any CPU.ActiveCfg = Release|Any CPU
		{0CC252C7-4320-4CB7-BDFA-4B5752164D1A}.Release|Any CPU.Build.0 = Release|Any CPU
		{B47C19AC-F8B1-4B9A-A55E-66AB6C10137F}.Debug|Any CPU.ActiveCfg = Debug|Any CPU
		{B47C19AC-F8B1-4B9A-A55E-66AB6C10137F}.Debug|Any CPU.Build.0 = Debug|Any CPU
		{B47C19AC-F8B1-4B9A-A55E-66AB6C10137F}.Release|Any CPU.ActiveCfg = Release|Any CPU
		{B47C19AC-F8B1-4B9A-A55E-66AB6C10137F}.Release|Any CPU.Build.0 = Release|Any CPU
		{FDF95C13-5D90-4314-87D3-B48A6AA5E8DC}.Debug|Any CPU.ActiveCfg = Debug|Any CPU
		{FDF95C13-5D90-4314-87D3-B48A6AA5E8DC}.Debug|Any CPU.Build.0 = Debug|Any CPU
		{FDF95C13-5D90-4314-87D3-B48A6AA5E8DC}.Release|Any CPU.ActiveCfg = Release|Any CPU
		{FDF95C13-5D90-4314-87D3-B48A6AA5E8DC}.Release|Any CPU.Build.0 = Release|Any CPU
	EndGlobalSection
	GlobalSection(SolutionProperties) = preSolution
		HideSolutionNode = FALSE
	EndGlobalSection
	GlobalSection(ExtensibilityGlobals) = postSolution
		SolutionGuid = {7F7EE9BE-5305-4154-957F-986695E8D95C}
	EndGlobalSection
EndGlobal
