
Microsoft Visual Studio Solution File, Format Version 12.00
# Visual Studio Version 17
VisualStudioVersion = 17.9.34728.123
MinimumVisualStudioVersion = 10.0.40219.1
Project("{FAE04EC0-301F-11D3-BF4B-00C04F79EFBC}") = "Odontología.Server", "Odontología.Server\Odontología.Server.csproj", "{94051207-3CE5-46D6-AECC-CD5865C67643}"
EndProject
Project("{FAE04EC0-301F-11D3-BF4B-00C04F79EFBC}") = "Odontología.DB", "Odontología.DB\Odontología.DB.csproj", "{0CC252C7-4320-4CB7-BDFA-4B5752164D1A}"
EndProject
Global
	GlobalSection(SolutionConfigurationPlatforms) = preSolution
		Debug|Any CPU = Debug|Any CPU
		Release|Any CPU = Release|Any CPU
	EndGlobalSection
	GlobalSection(ProjectConfigurationPlatforms) = postSolution
		{94051207-3CE5-46D6-AECC-CD5865C67643}.Debug|Any CPU.ActiveCfg = Debug|Any CPU
		{94051207-3CE5-46D6-AECC-CD5865C67643}.Debug|Any CPU.Build.0 = Debug|Any CPU
		{94051207-3CE5-46D6-AECC-CD5865C67643}.Release|Any CPU.ActiveCfg = Release|Any CPU
		{94051207-3CE5-46D6-AECC-CD5865C67643}.Release|Any CPU.Build.0 = Release|Any CPU
		{0CC252C7-4320-4CB7-BDFA-4B5752164D1A}.Debug|Any CPU.ActiveCfg = Debug|Any CPU
		{0CC252C7-4320-4CB7-BDFA-4B5752164D1A}.Debug|Any CPU.Build.0 = Debug|Any CPU
		{0CC252C7-4320-4CB7-BDFA-4B5752164D1A}.Release|Any CPU.ActiveCfg = Release|Any CPU
		{0CC252C7-4320-4CB7-BDFA-4B5752164D1A}.Release|Any CPU.Build.0 = Release|Any CPU
	EndGlobalSection
	GlobalSection(SolutionProperties) = preSolution
		HideSolutionNode = FALSE
	EndGlobalSection
	GlobalSection(ExtensibilityGlobals) = postSolution
		SolutionGuid = {7F7EE9BE-5305-4154-957F-986695E8D95C}
	EndGlobalSection
EndGlobal
